
Microsoft Visual Studio Solution File, Format Version 12.00
# Visual Studio Version 16
VisualStudioVersion = 16.0.30804.86
MinimumVisualStudioVersion = 10.0.40219.1
Project("{8BC9CEB8-8B4A-11D0-8D11-00A0C91BC942}") = "Sandbox", "Sandbox\Sandbox.vcxproj", "{185998E5-1FC3-4B0A-BCE6-70CB7959FD09}"
EndProject
Project("{8BC9CEB8-8B4A-11D0-8D11-00A0C91BC942}") = "BadEngine", "BadEngine\BadEngine.vcxproj", "{68DE93A0-52B7-4D78-9B7A-4049A6A6857E}"
EndProject
Global
	GlobalSection(SolutionConfigurationPlatforms) = preSolution
		Debug|x64 = Debug|x64
		Release|x64 = Release|x64
	EndGlobalSection
	GlobalSection(ProjectConfigurationPlatforms) = postSolution
		{68DE93A0-52B7-4D78-9B7A-4049A6A6857E}.Debug|x64.ActiveCfg = Debug|x64
		{68DE93A0-52B7-4D78-9B7A-4049A6A6857E}.Debug|x64.Build.0 = Debug|x64
		{68DE93A0-52B7-4D78-9B7A-4049A6A6857E}.Release|x64.ActiveCfg = Release|x64
		{68DE93A0-52B7-4D78-9B7A-4049A6A6857E}.Release|x64.Build.0 = Release|x64
		{185998E5-1FC3-4B0A-BCE6-70CB7959FD09}.Debug|x64.ActiveCfg = Debug|x64
		{185998E5-1FC3-4B0A-BCE6-70CB7959FD09}.Debug|x64.Build.0 = Debug|x64
		{185998E5-1FC3-4B0A-BCE6-70CB7959FD09}.Release|x64.ActiveCfg = Release|x64
		{185998E5-1FC3-4B0A-BCE6-70CB7959FD09}.Release|x64.Build.0 = Release|x64
	EndGlobalSection
	GlobalSection(SolutionProperties) = preSolution
		HideSolutionNode = FALSE
	EndGlobalSection
	GlobalSection(ExtensibilityGlobals) = postSolution
		SolutionGuid = {C4897E07-18E7-4A9E-B321-FB38FB6BA964}
	EndGlobalSection
EndGlobal
